
Microsoft Visual Studio Solution File, Format Version 12.00
# Visual Studio Version 17
VisualStudioVersion = 17.9.34723.18
MinimumVisualStudioVersion = 10.0.40219.1
Project("{9A19103F-16F7-4668-BE54-9A1E7A4F7556}") = "App", "App\App.csproj", "{790360F7-2F1E-4672-8DB8-A69B27E35EEA}"
EndProject
Project("{9A19103F-16F7-4668-BE54-9A1E7A4F7556}") = "Model", "Model\Model.csproj", "{38DF3D09-71ED-492E-A316-2BE554F6CA31}"
EndProject
Project("{FAE04EC0-301F-11D3-BF4B-00C04F79EFBC}") = "DBContext", "DBContext\DBContext.csproj", "{B35DC961-65CC-4C63-8BDF-A951EE9C796B}"
EndProject
Global
	GlobalSection(SolutionConfigurationPlatforms) = preSolution
		Debug|Any CPU = Debug|Any CPU
		Release|Any CPU = Release|Any CPU
	EndGlobalSection
	GlobalSection(ProjectConfigurationPlatforms) = postSolution
		{790360F7-2F1E-4672-8DB8-A69B27E35EEA}.Debug|Any CPU.ActiveCfg = Debug|Any CPU
		{790360F7-2F1E-4672-8DB8-A69B27E35EEA}.Debug|Any CPU.Build.0 = Debug|Any CPU
		{790360F7-2F1E-4672-8DB8-A69B27E35EEA}.Release|Any CPU.ActiveCfg = Release|Any CPU
		{790360F7-2F1E-4672-8DB8-A69B27E35EEA}.Release|Any CPU.Build.0 = Release|Any CPU
		{38DF3D09-71ED-492E-A316-2BE554F6CA31}.Debug|Any CPU.ActiveCfg = Debug|Any CPU
		{38DF3D09-71ED-492E-A316-2BE554F6CA31}.Debug|Any CPU.Build.0 = Debug|Any CPU
		{38DF3D09-71ED-492E-A316-2BE554F6CA31}.Release|Any CPU.ActiveCfg = Release|Any CPU
		{38DF3D09-71ED-492E-A316-2BE554F6CA31}.Release|Any CPU.Build.0 = Release|Any CPU
		{B35DC961-65CC-4C63-8BDF-A951EE9C796B}.Debug|Any CPU.ActiveCfg = Debug|Any CPU
		{B35DC961-65CC-4C63-8BDF-A951EE9C796B}.Debug|Any CPU.Build.0 = Debug|Any CPU
		{B35DC961-65CC-4C63-8BDF-A951EE9C796B}.Release|Any CPU.ActiveCfg = Release|Any CPU
		{B35DC961-65CC-4C63-8BDF-A951EE9C796B}.Release|Any CPU.Build.0 = Release|Any CPU
	EndGlobalSection
	GlobalSection(SolutionProperties) = preSolution
		HideSolutionNode = FALSE
	EndGlobalSection
	GlobalSection(ExtensibilityGlobals) = postSolution
		SolutionGuid = {D8E45D18-EF71-4B80-8533-EDB3CFFAA952}
	EndGlobalSection
EndGlobal
